# This file is generated by running "yarn install" inside your project.
# Manual changes might be lost - proceed with caution!

__metadata:
  version: 8
  cacheKey: 10c0

"email-disposable@workspace:.":
  version: 0.0.0-use.local
  resolution: "email-disposable@workspace:."
  dependencies:
    p-limit: "npm:^7.2.0"
  languageName: unknown
  linkType: soft

"p-limit@npm:^7.2.0":
  version: 7.2.0
  resolution: "p-limit@npm:7.2.0"
  dependencies:
    yocto-queue: "npm:^1.2.1"
  checksum: 10c0/18e5ea305c31fdc0cf5260da7b63adfd46748cd72d4b40a31a13bd23eeece729c9308047fb5d848d7fa006d1b2fc2f36bb0d9dd173a300c38cd6dc1ed3355382
  languageName: node
  linkType: hard

"yocto-queue@npm:^1.2.1":
  version: 1.2.1
  resolution: "yocto-queue@npm:1.2.1"
  checksum: 10c0/5762caa3d0b421f4bdb7a1926b2ae2189fc6e4a14469258f183600028eb16db3e9e0306f46e8ebf5a52ff4b81a881f22637afefbef5399d6ad440824e9b27f9f
  languageName: node
  linkType: hard
